
Microsoft Visual Studio Solution File, Format Version 12.00
# Visual Studio Version 16
VisualStudioVersion = 16.0.29503.13
MinimumVisualStudioVersion = 10.0.40219.1
Project("{FAE04EC0-301F-11D3-BF4B-00C04F79EFBC}") = "ImapFolderSubscriptionGuard", "ImapFolderSubscriptionGuard\ImapFolderSubscriptionGuard.csproj", "{DFBE893E-A3DA-4F16-8182-6074652920B6}"
EndProject
Global
	GlobalSection(SolutionConfigurationPlatforms) = preSolution
		Debug|Any CPU = Debug|Any CPU
		Release|Any CPU = Release|Any CPU
	EndGlobalSection
	GlobalSection(ProjectConfigurationPlatforms) = postSolution
		{DFBE893E-A3DA-4F16-8182-6074652920B6}.Debug|Any CPU.ActiveCfg = Debug|Any CPU
		{DFBE893E-A3DA-4F16-8182-6074652920B6}.Debug|Any CPU.Build.0 = Debug|Any CPU
		{DFBE893E-A3DA-4F16-8182-6074652920B6}.Release|Any CPU.ActiveCfg = Release|Any CPU
		{DFBE893E-A3DA-4F16-8182-6074652920B6}.Release|Any CPU.Build.0 = Release|Any CPU
	EndGlobalSection
	GlobalSection(SolutionProperties) = preSolution
		HideSolutionNode = FALSE
	EndGlobalSection
	GlobalSection(ExtensibilityGlobals) = postSolution
		SolutionGuid = {E823156C-6617-4FD9-88F5-9FB6E1DED214}
	EndGlobalSection
EndGlobal
